PODS:
  - ActionCableClient (4.2.0):
    - Starscream (~> 3.0.6)
  - SnapKit (4.2.0)
  - Starscream (3.0.6)
  - SwiftyJSON (4.2.0)

DEPENDENCIES:
  - ActionCableClient (from `../`)
  - SnapKit (~> 4.2.0)
  - SwiftyJSON (~> 4.2.0)

SPEC REPOS:
  https://github.com/cocoapods/specs.git:
    - SnapKit
    - Starscream
    - SwiftyJSON

EXTERNAL SOURCES:
  ActionCableClient:
    :path: "../"

SPEC CHECKSUMS:
  ActionCableClient: 0c1207b0a8a6922b2b485d2038af0403e7b480c9
  SnapKit: fe8a619752f3f27075cc9a90244d75c6c3f27e2a
  Starscream: ef3ece99d765eeccb67de105bfa143f929026cf5
  SwiftyJSON: c4bcba26dd9ec7a027fc8eade48e2c911f229e96

PODFILE CHECKSUM: 9baeb2340906dd1d8d68d40f0ad04b8a2fc1738b

COCOAPODS: 1.5.3
