PODS:
  - ActionCableClient (0.2.5):
    - Starscream (~> 3.1.1)
  - SnapKit (5.0.1)
  - Starscream (3.1.1)
  - SwiftyJSON (5.0.0)

DEPENDENCIES:
  - ActionCableClient (from `../`)
  - SnapKit
  - SwiftyJSON

SPEC REPOS:
  https://github.com/CocoaPods/Specs.git:
    - SnapKit
    - Starscream
    - SwiftyJSON

EXTERNAL SOURCES:
  ActionCableClient:
    :path: "../"

SPEC CHECKSUMS:
  ActionCableClient: c6d31cf05a937ded173ee8cd6a7ec0fdb8984af8
  SnapKit: 97b92857e3df3a0c71833cce143274bf6ef8e5eb
  Starscream: 4bb2f9942274833f7b4d296a55504dcfc7edb7b0
  SwiftyJSON: 36413e04c44ee145039d332b4f4e2d3e8d6c4db7

PODFILE CHECKSUM: 6a7061b5dfebab0d1c33f86b963813f3cf3aa980

COCOAPODS: 1.8.0
