PODS:
  - ActionCableClient (0.2.4):
    - Starscream (~> 3.0.3)
  - SnapKit (4.2.0)
  - Starscream (3.0.6)
  - SwiftyJSON (3.1.4)

DEPENDENCIES:
  - ActionCableClient (from `../`)
  - SnapKit (~> 4.2.0)
  - SwiftyJSON

SPEC REPOS:
  https://github.com/cocoapods/specs.git:
    - SnapKit
    - Starscream
    - SwiftyJSON

EXTERNAL SOURCES:
  ActionCableClient:
    :path: "../"

SPEC CHECKSUMS:
  ActionCableClient: 66326c0e47f8505dd24b3441a9c9ca2e43b6078a
  SnapKit: fe8a619752f3f27075cc9a90244d75c6c3f27e2a
  Starscream: ef3ece99d765eeccb67de105bfa143f929026cf5
  SwiftyJSON: c2842d878f95482ffceec5709abc3d05680c0220

PODFILE CHECKSUM: 285d27cc4cd3fd3be25a9765273643f95735f8f9

COCOAPODS: 1.5.3
